
Microsoft Visual Studio Solution File, Format Version 12.00
# Visual Studio Version 17
VisualStudioVersion = 17.9.34701.34
MinimumVisualStudioVersion = 10.0.40219.1
Project("{FAE04EC0-301F-11D3-BF4B-00C04F79EFBC}") = "Periodic Grade", "Periodic Grade.csproj", "{3E3D1AD8-EB4E-42CF-8802-219EF54CE564}"
EndProject
Global
	GlobalSection(SolutionConfigurationPlatforms) = preSolution
		Debug|Any CPU = Debug|Any CPU
		Release|Any CPU = Release|Any CPU
	EndGlobalSection
	GlobalSection(ProjectConfigurationPlatforms) = postSolution
		{3E3D1AD8-EB4E-42CF-8802-219EF54CE564}.Debug|Any CPU.ActiveCfg = Debug|Any CPU
		{3E3D1AD8-EB4E-42CF-8802-219EF54CE564}.Debug|Any CPU.Build.0 = Debug|Any CPU
		{3E3D1AD8-EB4E-42CF-8802-219EF54CE564}.Release|Any CPU.ActiveCfg = Release|Any CPU
		{3E3D1AD8-EB4E-42CF-8802-219EF54CE564}.Release|Any CPU.Build.0 = Release|Any CPU
	EndGlobalSection
	GlobalSection(SolutionProperties) = preSolution
		HideSolutionNode = FALSE
	EndGlobalSection
	GlobalSection(ExtensibilityGlobals) = postSolution
		SolutionGuid = {C8D77167-2FF5-46A6-82A4-90A1F4E28620}
	EndGlobalSection
EndGlobal
